// !$*UTF8*$!
{
	archiveVersion = 1;
	classes = {
	};
	objectVersion = 46;
	objects = {

/* Begin PBXBuildFile section */
		708BF83D16705AD8005EECB7 /* Cocoa.framework in Frameworks */ = {isa = PBXBuildFile; fileRef = 708BF83C16705AD8005EECB7 /* Cocoa.framework */; };
		708BF83F16705AD8005EECB7 /* MacRuby.framework in Frameworks */ = {isa = PBXBuildFile; fileRef = 708BF83E16705AD8005EECB7 /* MacRuby.framework */; };
		708BF84816705AD8005EECB7 /* InfoPlist.strings in Resources */ = {isa = PBXBuildFile; fileRef = 708BF84616705AD8005EECB7 /* InfoPlist.strings */; };
		708BF84A16705AD8005EECB7 /* main.m in Sources */ = {isa = PBXBuildFile; fileRef = 708BF84916705AD8005EECB7 /* main.m */; };
		708BF84F16705AD8005EECB7 /* MainMenu.xib in Resources */ = {isa = PBXBuildFile; fileRef = 708BF84D16705AD8005EECB7 /* MainMenu.xib */; };
		708BF85216705AD8005EECB7 /* rb_main.rb in Resources */ = {isa = PBXBuildFile; fileRef = 708BF85116705AD8005EECB7 /* rb_main.rb */; };
		708BF85416705AD8005EECB7 /* AppDelegate.rb in Resources */ = {isa = PBXBuildFile; fileRef = 708BF85316705AD8005EECB7 /* AppDelegate.rb */; };
/* End PBXBuildFile section */

/* Begin PBXContainerItemProxy section */
		708BF84116705AD8005EECB7 /* PBXContainerItemProxy */ = {
			isa = PBXContainerItemProxy;
			containerPortal = 708BF82F16705AD7005EECB7 /* Project object */;
			proxyType = 1;
			remoteGlobalIDString = 708BF83716705AD7005EECB7;
			remoteInfo = NamaComment;
		};
/* End PBXContainerItemProxy section */

/* Begin PBXFileReference section */
		708BF83816705AD8005EECB7 /* NamaComment.app */ = {isa = PBXFileReference; explicitFileType = wrapper.application; includeInIndex = 0; path = NamaComment.app; sourceTree = BUILT_PRODUCTS_DIR; };
		708BF83C16705AD8005EECB7 /* Cocoa.framework */ = {isa = PBXFileReference; lastKnownFileType = wrapper.framework; name = Cocoa.framework; path = System/Library/Frameworks/Cocoa.framework; sourceTree = SDKROOT; };
		708BF83E16705AD8005EECB7 /* MacRuby.framework */ = {isa = PBXFileReference; lastKnownFileType = wrapper.framework; name = MacRuby.framework; path = Library/Frameworks/MacRuby.framework; sourceTree = DEVELOPER_DIR; };
		708BF84516705AD8005EECB7 /* NamaComment-Info.plist */ = {isa = PBXFileReference; lastKnownFileType = text.plist.xml; path = "NamaComment-Info.plist"; sourceTree = "<group>"; };
		708BF84716705AD8005EECB7 /* en */ = {isa = PBXFileReference; lastKnownFileType = text.plist.strings; name = en; path = en.lproj/InfoPlist.strings; sourceTree = "<group>"; };
		708BF84916705AD8005EECB7 /* main.m */ = {isa = PBXFileReference; lastKnownFileType = sourcecode.c.objc; path = main.m; sourceTree = "<group>"; };
		708BF84B16705AD8005EECB7 /* NamaComment-Prefix.pch */ = {isa = PBXFileReference; lastKnownFileType = sourcecode.c.h; path = "NamaComment-Prefix.pch"; sourceTree = "<group>"; };
		708BF84E16705AD8005EECB7 /* en */ = {isa = PBXFileReference; lastKnownFileType = file.xib; name = en; path = en.lproj/MainMenu.xib; sourceTree = "<group>"; };
		708BF85116705AD8005EECB7 /* rb_main.rb */ = {isa = PBXFileReference; lastKnownFileType = text.script.ruby; path = rb_main.rb; sourceTree = "<group>"; };
		708BF85316705AD8005EECB7 /* AppDelegate.rb */ = {isa = PBXFileReference; lastKnownFileType = text.script.ruby; path = AppDelegate.rb; sourceTree = "<group>"; };
/* End PBXFileReference section */

/* Begin PBXFrameworksBuildPhase section */
		708BF83516705AD7005EECB7 /* Frameworks */ = {
			isa = PBXFrameworksBuildPhase;
			buildActionMask = 2147483647;
			files = (
				708BF83D16705AD8005EECB7 /* Cocoa.framework in Frameworks */,
				708BF83F16705AD8005EECB7 /* MacRuby.framework in Frameworks */,
			);
			runOnlyForDeploymentPostprocessing = 0;
		};
/* End PBXFrameworksBuildPhase section */

/* Begin PBXGroup section */
		708BF82D16705AD7005EECB7 = {
			isa = PBXGroup;
			children = (
				708BF84316705AD8005EECB7 /* NamaComment */,
				708BF83B16705AD8005EECB7 /* Frameworks */,
				708BF83916705AD8005EECB7 /* Products */,
			);
			sourceTree = "<group>";
		};
		708BF83916705AD8005EECB7 /* Products */ = {
			isa = PBXGroup;
			children = (
				708BF83816705AD8005EECB7 /* NamaComment.app */,
			);
			name = Products;
			sourceTree = "<group>";
		};
		708BF83B16705AD8005EECB7 /* Frameworks */ = {
			isa = PBXGroup;
			children = (
				708BF83C16705AD8005EECB7 /* Cocoa.framework */,
				708BF83E16705AD8005EECB7 /* MacRuby.framework */,
			);
			name = Frameworks;
			sourceTree = "<group>";
		};
		708BF84316705AD8005EECB7 /* NamaComment */ = {
			isa = PBXGroup;
			children = (
				708BF85316705AD8005EECB7 /* AppDelegate.rb */,
				708BF84C16705AD8005EECB7 /* Resources */,
				708BF85016705AD8005EECB7 /* Other Sources */,
				708BF84416705AD8005EECB7 /* Supporting Files */,
			);
			path = NamaComment;
			sourceTree = "<group>";
		};
		708BF84416705AD8005EECB7 /* Supporting Files */ = {
			isa = PBXGroup;
			children = (
				708BF84516705AD8005EECB7 /* NamaComment-Info.plist */,
				708BF84616705AD8005EECB7 /* InfoPlist.strings */,
				708BF84916705AD8005EECB7 /* main.m */,
				708BF84B16705AD8005EECB7 /* NamaComment-Prefix.pch */,
			);
			name = "Supporting Files";
			sourceTree = "<group>";
		};
		708BF84C16705AD8005EECB7 /* Resources */ = {
			isa = PBXGroup;
			children = (
				708BF84D16705AD8005EECB7 /* MainMenu.xib */,
			);
			name = Resources;
			sourceTree = "<group>";
		};
		708BF85016705AD8005EECB7 /* Other Sources */ = {
			isa = PBXGroup;
			children = (
				708BF85116705AD8005EECB7 /* rb_main.rb */,
			);
			name = "Other Sources";
			sourceTree = "<group>";
		};
/* End PBXGroup section */

/* Begin PBXLegacyTarget section */
		708BF84016705AD8005EECB7 /* Deployment */ = {
			isa = PBXLegacyTarget;
			buildArgumentsString = "--compile --embed";
			buildConfigurationList = 708BF85A16705AD8005EECB7 /* Build configuration list for PBXLegacyTarget "Deployment" */;
			buildPhases = (
			);
			buildToolPath = /usr/local/bin/macruby_deploy;
			dependencies = (
				708BF84216705AD8005EECB7 /* PBXTargetDependency */,
			);
			name = Deployment;
			passBuildSettingsInEnvironment = 1;
			productName = Deployment;
		};
/* End PBXLegacyTarget section */

/* Begin PBXNativeTarget section */
		708BF83716705AD7005EECB7 /* NamaComment */ = {
			isa = PBXNativeTarget;
			buildConfigurationList = 708BF85716705AD8005EECB7 /* Build configuration list for PBXNativeTarget "NamaComment" */;
			buildPhases = (
				708BF83416705AD7005EECB7 /* Sources */,
				708BF83516705AD7005EECB7 /* Frameworks */,
				708BF83616705AD7005EECB7 /* Resources */,
			);
			buildRules = (
			);
			dependencies = (
			);
			name = NamaComment;
			productName = NamaComment;
			productReference = 708BF83816705AD8005EECB7 /* NamaComment.app */;
			productType = "com.apple.product-type.application";
		};
/* End PBXNativeTarget section */

/* Begin PBXProject section */
		708BF82F16705AD7005EECB7 /* Project object */ = {
			isa = PBXProject;
			attributes = {
				LastUpgradeCheck = 0450;
				ORGANIZATIONNAME = "HARA Yutaka";
			};
			buildConfigurationList = 708BF83216705AD7005EECB7 /* Build configuration list for PBXProject "NamaComment" */;
			compatibilityVersion = "Xcode 3.2";
			developmentRegion = English;
			hasScannedForEncodings = 0;
			knownRegions = (
				en,
			);
			mainGroup = 708BF82D16705AD7005EECB7;
			productRefGroup = 708BF83916705AD8005EECB7 /* Products */;
			projectDirPath = "";
			projectRoot = "";
			targets = (
				708BF83716705AD7005EECB7 /* NamaComment */,
				708BF84016705AD8005EECB7 /* Deployment */,
			);
		};
/* End PBXProject section */

/* Begin PBXResourcesBuildPhase section */
		708BF83616705AD7005EECB7 /* Resources */ = {
			isa = PBXResourcesBuildPhase;
			buildActionMask = 2147483647;
			files = (
				708BF84816705AD8005EECB7 /* InfoPlist.strings in Resources */,
				708BF84F16705AD8005EECB7 /* MainMenu.xib in Resources */,
				708BF85216705AD8005EECB7 /* rb_main.rb in Resources */,
				708BF85416705AD8005EECB7 /* AppDelegate.rb in Resources */,
			);
			runOnlyForDeploymentPostprocessing = 0;
		};
/* End PBXResourcesBuildPhase section */

/* Begin PBXSourcesBuildPhase section */
		708BF83416705AD7005EECB7 /* Sources */ = {
			isa = PBXSourcesBuildPhase;
			buildActionMask = 2147483647;
			files = (
				708BF84A16705AD8005EECB7 /* main.m in Sources */,
			);
			runOnlyForDeploymentPostprocessing = 0;
		};
/* End PBXSourcesBuildPhase section */

/* Begin PBXTargetDependency section */
		708BF84216705AD8005EECB7 /* PBXTargetDependency */ = {
			isa = PBXTargetDependency;
			target = 708BF83716705AD7005EECB7 /* NamaComment */;
			targetProxy = 708BF84116705AD8005EECB7 /* PBXContainerItemProxy */;
		};
/* End PBXTargetDependency section */

/* Begin PBXVariantGroup section */
		708BF84616705AD8005EECB7 /* InfoPlist.strings */ = {
			isa = PBXVariantGroup;
			children = (
				708BF84716705AD8005EECB7 /* en */,
			);
			name = InfoPlist.strings;
			sourceTree = "<group>";
		};
		708BF84D16705AD8005EECB7 /* MainMenu.xib */ = {
			isa = PBXVariantGroup;
			children = (
				708BF84E16705AD8005EECB7 /* en */,
			);
			name = MainMenu.xib;
			sourceTree = "<group>";
		};
/* End PBXVariantGroup section */

/* Begin XCBuildConfiguration section */
		708BF85516705AD8005EECB7 /* Debug */ = {
			isa = XCBuildConfiguration;
			buildSettings = {
				ALWAYS_SEARCH_USER_PATHS = NO;
				ARCHS = "$(ARCHS_STANDARD_64_BIT)";
				CLANG_CXX_LANGUAGE_STANDARD = "gnu++0x";
				CLANG_CXX_LIBRARY = "libc++";
				CLANG_WARN_EMPTY_BODY = YES;
				CLANG_WARN__DUPLICATE_METHOD_MATCH = YES;
				COPY_PHASE_STRIP = NO;
				GCC_C_LANGUAGE_STANDARD = gnu99;
				GCC_DYNAMIC_NO_PIC = NO;
				GCC_ENABLE_OBJC_EXCEPTIONS = YES;
				GCC_OPTIMIZATION_LEVEL = 0;
				GCC_PREPROCESSOR_DEFINITIONS = (
					"DEBUG=1",
					"$(inherited)",
				);
				GCC_SYMBOLS_PRIVATE_EXTERN = NO;
				GCC_WARN_64_TO_32_BIT_CONVERSION = YES;
				GCC_WARN_ABOUT_RETURN_TYPE = YES;
				GCC_WARN_UNINITIALIZED_AUTOS = YES;
				GCC_WARN_UNUSED_VARIABLE = YES;
				MACOSX_DEPLOYMENT_TARGET = 10.8;
				ONLY_ACTIVE_ARCH = YES;
				SDKROOT = macosx;
			};
			name = Debug;
		};
		708BF85616705AD8005EECB7 /* Release */ = {
			isa = XCBuildConfiguration;
			buildSettings = {
				ALWAYS_SEARCH_USER_PATHS = NO;
				ARCHS = "$(ARCHS_STANDARD_64_BIT)";
				CLANG_CXX_LANGUAGE_STANDARD = "gnu++0x";
				CLANG_CXX_LIBRARY = "libc++";
				CLANG_WARN_EMPTY_BODY = YES;
				CLANG_WARN__DUPLICATE_METHOD_MATCH = YES;
				COPY_PHASE_STRIP = YES;
				DEBUG_INFORMATION_FORMAT = "dwarf-with-dsym";
				GCC_C_LANGUAGE_STANDARD = gnu99;
				GCC_ENABLE_OBJC_EXCEPTIONS = YES;
				GCC_WARN_64_TO_32_BIT_CONVERSION = YES;
				GCC_WARN_ABOUT_RETURN_TYPE = YES;
				GCC_WARN_UNINITIALIZED_AUTOS = YES;
				GCC_WARN_UNUSED_VARIABLE = YES;
				MACOSX_DEPLOYMENT_TARGET = 10.8;
				SDKROOT = macosx;
			};
			name = Release;
		};
		708BF85816705AD8005EECB7 /* Debug */ = {
			isa = XCBuildConfiguration;
			buildSettings = {
				ARCHS = x86_64;
				FRAMEWORK_SEARCH_PATHS = (
					"$(inherited)",
					"\"$(SYSTEM_APPS_DIR)/Xcode.app/Contents/Developer/Library/Frameworks\"",
				);
				GCC_ENABLE_OBJC_GC = required;
				GCC_PRECOMPILE_PREFIX_HEADER = YES;
				GCC_PREFIX_HEADER = "NamaComment/NamaComment-Prefix.pch";
				INFOPLIST_FILE = "NamaComment/NamaComment-Info.plist";
				PRODUCT_NAME = "$(TARGET_NAME)";
				WRAPPER_EXTENSION = app;
			};
			name = Debug;
		};
		708BF85916705AD8005EECB7 /* Release */ = {
			isa = XCBuildConfiguration;
			buildSettings = {
				ARCHS = x86_64;
				FRAMEWORK_SEARCH_PATHS = (
					"$(inherited)",
					"\"$(SYSTEM_APPS_DIR)/Xcode.app/Contents/Developer/Library/Frameworks\"",
				);
				GCC_ENABLE_OBJC_GC = required;
				GCC_PRECOMPILE_PREFIX_HEADER = YES;
				GCC_PREFIX_HEADER = "NamaComment/NamaComment-Prefix.pch";
				INFOPLIST_FILE = "NamaComment/NamaComment-Info.plist";
				PRODUCT_NAME = "$(TARGET_NAME)";
				WRAPPER_EXTENSION = app;
			};
			name = Release;
		};
		708BF85B16705AD8005EECB7 /* Debug */ = {
			isa = XCBuildConfiguration;
			buildSettings = {
			};
			name = Debug;
		};
		708BF85C16705AD8005EECB7 /* Release */ = {
			isa = XCBuildConfiguration;
			buildSettings = {
			};
			name = Release;
		};
/* End XCBuildConfiguration section */

/* Begin XCConfigurationList section */
		708BF83216705AD7005EECB7 /* Build configuration list for PBXProject "NamaComment" */ = {
			isa = XCConfigurationList;
			buildConfigurations = (
				708BF85516705AD8005EECB7 /* Debug */,
				708BF85616705AD8005EECB7 /* Release */,
			);
			defaultConfigurationIsVisible = 0;
			defaultConfigurationName = Release;
		};
		708BF85716705AD8005EECB7 /* Build configuration list for PBXNativeTarget "NamaComment" */ = {
			isa = XCConfigurationList;
			buildConfigurations = (
				708BF85816705AD8005EECB7 /* Debug */,
				708BF85916705AD8005EECB7 /* Release */,
			);
			defaultConfigurationIsVisible = 0;
		};
		708BF85A16705AD8005EECB7 /* Build configuration list for PBXLegacyTarget "Deployment" */ = {
			isa = XCConfigurationList;
			buildConfigurations = (
				708BF85B16705AD8005EECB7 /* Debug */,
				708BF85C16705AD8005EECB7 /* Release */,
			);
			defaultConfigurationIsVisible = 0;
		};
/* End XCConfigurationList section */
	};
	rootObject = 708BF82F16705AD7005EECB7 /* Project object */;
}
